
Microsoft Visual Studio Solution File, Format Version 12.00
# Visual Studio Version 17
VisualStudioVersion = 17.8.34511.84
MinimumVisualStudioVersion = 10.0.40219.1
Project("{9A19103F-16F7-4668-BE54-9A1E7A4F7556}") = "Logging", "Logging\Logging.csproj", "{CFE0F165-4ADC-4388-9561-4EC8072DE590}"
EndProject
Project("{9A19103F-16F7-4668-BE54-9A1E7A4F7556}") = "ConsoleApp", "ConsoleApp\ConsoleApp.csproj", "{AB2F1ED7-BEF2-449E-B584-F7061C67E4F2}"
EndProject
Project("{9A19103F-16F7-4668-BE54-9A1E7A4F7556}") = "Logging.Test", "Logging.Test\Logging.Test.csproj", "{254DC3AB-3BE3-4AED-BA7E-744841F39C60}"
EndProject
Global
	GlobalSection(SolutionConfigurationPlatforms) = preSolution
		Debug|Any CPU = Debug|Any CPU
		Release|Any CPU = Release|Any CPU
	EndGlobalSection
	GlobalSection(ProjectConfigurationPlatforms) = postSolution
		{CFE0F165-4ADC-4388-9561-4EC8072DE590}.Debug|Any CPU.ActiveCfg = Debug|Any CPU
		{CFE0F165-4ADC-4388-9561-4EC8072DE590}.Debug|Any CPU.Build.0 = Debug|Any CPU
		{CFE0F165-4ADC-4388-9561-4EC8072DE590}.Release|Any CPU.ActiveCfg = Release|Any CPU
		{CFE0F165-4ADC-4388-9561-4EC8072DE590}.Release|Any CPU.Build.0 = Release|Any CPU
		{AB2F1ED7-BEF2-449E-B584-F7061C67E4F2}.Debug|Any CPU.ActiveCfg = Debug|Any CPU
		{AB2F1ED7-BEF2-449E-B584-F7061C67E4F2}.Debug|Any CPU.Build.0 = Debug|Any CPU
		{AB2F1ED7-BEF2-449E-B584-F7061C67E4F2}.Release|Any CPU.ActiveCfg = Release|Any CPU
		{AB2F1ED7-BEF2-449E-B584-F7061C67E4F2}.Release|Any CPU.Build.0 = Release|Any CPU
		{254DC3AB-3BE3-4AED-BA7E-744841F39C60}.Debug|Any CPU.ActiveCfg = Debug|Any CPU
		{254DC3AB-3BE3-4AED-BA7E-744841F39C60}.Debug|Any CPU.Build.0 = Debug|Any CPU
		{254DC3AB-3BE3-4AED-BA7E-744841F39C60}.Release|Any CPU.ActiveCfg = Release|Any CPU
		{254DC3AB-3BE3-4AED-BA7E-744841F39C60}.Release|Any CPU.Build.0 = Release|Any CPU
	EndGlobalSection
	GlobalSection(SolutionProperties) = preSolution
		HideSolutionNode = FALSE
	EndGlobalSection
	GlobalSection(ExtensibilityGlobals) = postSolution
		SolutionGuid = {66F6BE46-BB9A-47BE-B620-C58B81EC24B7}
	EndGlobalSection
EndGlobal
